<Solution>
  <Project Path="YoutubeClone.Application/YoutubeClone.Application.csproj" />
  <Project Path="YoutubeClone.Domain/YoutubeClone.Domain.csproj" Id="3d33425f-f585-48b6-a3e2-e116b818f19c" />
  <Project Path="YoutubeClone.Shared/YoutubeClone.Shared.csproj" />
  <Project Path="YoutubeClone.WebApp/YoutubeClone.WebApp.csproj" />
</Solution>
